schema: '2.0'
stages:
  load_data:
    cmd: python src/load_data.py --config=params.yaml
    deps:
    - path: data_given/winequality.csv
      md5: 3f4041445419b7a7fdb108e199e8419a
      size: 85740
    - path: src/get_data.py
      md5: 8faee674cfb70ba8e634947536545a60
      size: 690
    - path: src/load_data.py
      md5: bf7d7d7f59496767302360e5aba01d9f
      size: 658
    outs:
    - path: data/raw/winequality.csv
      md5: 9d6e4e6ba1a4146fa57fbb723717152c
      size: 93568
  split_data:
    cmd: python src/split_data.py --config=params.yaml
    deps:
    - path: data/raw/winequality.csv
      md5: 9d6e4e6ba1a4146fa57fbb723717152c
      size: 93568
    - path: src/split_data.py
      md5: c80319466777b72b705900932c6488d1
      size: 1065
    outs:
    - path: data/processed/test_winequality.csv
      md5: 01718da3bd6e206060ed00667ca1a389
      size: 18831
    - path: data/processed/train_winequality.csv
      md5: 614e5bf32e40315b60c7c6f967be0feb
      size: 74883
  train_and_evaluate:
    cmd: python src/train_and_evaluate.py --config=params.yaml
    deps:
    - path: data/processed/test_winequality.csv
      md5: 01718da3bd6e206060ed00667ca1a389
      size: 18831
    - path: data/processed/train_winequality.csv
      md5: 614e5bf32e40315b60c7c6f967be0feb
      size: 74883
    - path: src/train_and_evaluate.py
      md5: 065640753ac5123d25a93c74ff1b3b14
      size: 2680
    params:
      params.yaml:
        estimators.ElasticNet.params.alpha: 0.88
        estimators.ElasticNet.params.l1_ratio: 0.89
    outs:
    - path: report/params.json
      md5: 0568f34313ba7c5e55128b75dbcbee5c
      size: 46
    - path: report/scores.json
      md5: ac89e037063ee307b6d23c8ef0583610
      size: 100
    - path: saved_models/model.joblib
      md5: 23a87b30e191cd1428cee55a5cccfa4a
      size: 818
